
Microsoft Visual Studio Solution File, Format Version 12.00
# Visual Studio Version 17
VisualStudioVersion = 17.4.33122.133
MinimumVisualStudioVersion = 10.0.40219.1
Project("{FAE04EC0-301F-11D3-BF4B-00C04F79EFBC}") = "webapp", "webapp\webapp.csproj", "{BE0A373D-CE7A-4704-AEA6-AA93F493868A}"
EndProject
Global
	GlobalSection(SolutionConfigurationPlatforms) = preSolution
		Debug|Any CPU = Debug|Any CPU
		Release|Any CPU = Release|Any CPU
	EndGlobalSection
	GlobalSection(ProjectConfigurationPlatforms) = postSolution
		{BE0A373D-CE7A-4704-AEA6-AA93F493868A}.Debug|Any CPU.ActiveCfg = Debug|Any CPU
		{BE0A373D-CE7A-4704-AEA6-AA93F493868A}.Debug|Any CPU.Build.0 = Debug|Any CPU
		{BE0A373D-CE7A-4704-AEA6-AA93F493868A}.Release|Any CPU.ActiveCfg = Release|Any CPU
		{BE0A373D-CE7A-4704-AEA6-AA93F493868A}.Release|Any CPU.Build.0 = Release|Any CPU
	EndGlobalSection
	GlobalSection(SolutionProperties) = preSolution
		HideSolutionNode = FALSE
	EndGlobalSection
	GlobalSection(ExtensibilityGlobals) = postSolution
		SolutionGuid = {278BCED2-2727-4037-A5E6-D103069E0FCA}
	EndGlobalSection
EndGlobal
